{
  "R": {
    "Version": "4.6.0",
    "Repositories": [
      {
        "Name": "carpentries",
        "URL": "https://carpentries.r-universe.dev"
      },
      {
        "Name": "carpentries_archive",
        "URL": "https://carpentries.github.io/drat"
      },
      {
        "Name": "CRAN",
        "URL": "https://cran.rstudio.com"
      }
    ]
  },
  "Bioconductor": {
    "Version": "3.23"
  },
  "Packages": {
    "renv": {
      "Package": "renv",
      "Version": "1.2.3",
      "Source": "Repository",
      "Repository": "CRAN",
      "Requirements": []
    }
  }
}
